// !$*UTF8*$!
{
	archiveVersion = 1;
	classes = {
	};
	objectVersion = 46;
	objects = {

/* Begin PBXBuildFile section */
		FC284AB91EA80D1700555568 /* AppDelegate.swift in Sources */ = {isa = PBXBuildFile; fileRef = FC284AB81EA80D1700555568 /* AppDelegate.swift */; };
		FC284ABB1EA80D1700555568 /* ViewController.swift in Sources */ = {isa = PBXBuildFile; fileRef = FC284ABA1EA80D1700555568 /* ViewController.swift */; };
		FC284ABE1EA80D1700555568 /* Main.storyboard in Resources */ = {isa = PBXBuildFile; fileRef = FC284ABC1EA80D1700555568 /* Main.storyboard */; };
		FC284AC01EA80D1700555568 /* Assets.xcassets in Resources */ = {isa = PBXBuildFile; fileRef = FC284ABF1EA80D1700555568 /* Assets.xcassets */; };
		FC284ACB1EA80D6D00555568 /* amiga4ever pro.ttf in Resources */ = {isa = PBXBuildFile; fileRef = FC284ACA1EA80D6D00555568 /* amiga4ever pro.ttf */; };
		FC284ACF1EA8151900555568 /* DataHub.swift in Sources */ = {isa = PBXBuildFile; fileRef = FC284ACE1EA8151900555568 /* DataHub.swift */; };
		FC3BAE6D1EA83B9400421474 /* screenshot.png in Resources */ = {isa = PBXBuildFile; fileRef = FC3BAE6C1EA83B9400421474 /* screenshot.png */; };
/* End PBXBuildFile section */

/* Begin PBXFileReference section */
		FC284AB51EA80D1700555568 /* DataTransference.app */ = {isa = PBXFileReference; explicitFileType = wrapper.application; includeInIndex = 0; path = DataTransference.app; sourceTree = BUILT_PRODUCTS_DIR; };
		FC284AB81EA80D1700555568 /* AppDelegate.swift */ = {isa = PBXFileReference; lastKnownFileType = sourcecode.swift; path = AppDelegate.swift; sourceTree = "<group>"; };
		FC284ABA1EA80D1700555568 /* ViewController.swift */ = {isa = PBXFileReference; lastKnownFileType = sourcecode.swift; path = ViewController.swift; sourceTree = "<group>"; };
		FC284ABD1EA80D1700555568 /* Base */ = {isa = PBXFileReference; lastKnownFileType = file.storyboard; name = Base; path = Base.lproj/Main.storyboard; sourceTree = "<group>"; };
		FC284ABF1EA80D1700555568 /* Assets.xcassets */ = {isa = PBXFileReference; lastKnownFileType = folder.assetcatalog; path = Assets.xcassets; sourceTree = "<group>"; };
		FC284AC41EA80D1700555568 /* Info.plist */ = {isa = PBXFileReference; lastKnownFileType = text.plist.xml; path = Info.plist; sourceTree = "<group>"; };
		FC284ACA1EA80D6D00555568 /* amiga4ever pro.ttf */ = {isa = PBXFileReference; lastKnownFileType = file; path = "amiga4ever pro.ttf"; sourceTree = "<group>"; };
		FC284ACE1EA8151900555568 /* DataHub.swift */ = {isa = PBXFileReference; fileEncoding = 4; lastKnownFileType = sourcecode.swift; path = DataHub.swift; sourceTree = "<group>"; };
		FC3BAE6C1EA83B9400421474 /* screenshot.png */ = {isa = PBXFileReference; lastKnownFileType = image.png; path = screenshot.png; sourceTree = "<group>"; };
/* End PBXFileReference section */

/* Begin PBXFrameworksBuildPhase section */
		FC284AB21EA80D1700555568 /* Frameworks */ = {
			isa = PBXFrameworksBuildPhase;
			buildActionMask = 2147483647;
			files = (
			);
			runOnlyForDeploymentPostprocessing = 0;
		};
/* End PBXFrameworksBuildPhase section */

/* Begin PBXGroup section */
		FC284AAC1EA80D1700555568 = {
			isa = PBXGroup;
			children = (
				FC284AB71EA80D1700555568 /* DataTransference */,
				FC284AB61EA80D1700555568 /* Products */,
			);
			sourceTree = "<group>";
		};
		FC284AB61EA80D1700555568 /* Products */ = {
			isa = PBXGroup;
			children = (
				FC284AB51EA80D1700555568 /* DataTransference.app */,
			);
			name = Products;
			sourceTree = "<group>";
		};
		FC284AB71EA80D1700555568 /* DataTransference */ = {
			isa = PBXGroup;
			children = (
				FC284AC41EA80D1700555568 /* Info.plist */,
				FC3BAE6C1EA83B9400421474 /* screenshot.png */,
				FC284AB81EA80D1700555568 /* AppDelegate.swift */,
				FC284ACE1EA8151900555568 /* DataHub.swift */,
				FC284ABA1EA80D1700555568 /* ViewController.swift */,
				FC284ACA1EA80D6D00555568 /* amiga4ever pro.ttf */,
				FC284ABF1EA80D1700555568 /* Assets.xcassets */,
				FC284ABC1EA80D1700555568 /* Main.storyboard */,
			);
			path = DataTransference;
			sourceTree = "<group>";
		};
/* End PBXGroup section */

/* Begin PBXNativeTarget section */
		FC284AB41EA80D1700555568 /* DataTransference */ = {
			isa = PBXNativeTarget;
			buildConfigurationList = FC284AC71EA80D1700555568 /* Build configuration list for PBXNativeTarget "DataTransference" */;
			buildPhases = (
				FC284AB11EA80D1700555568 /* Sources */,
				FC284AB21EA80D1700555568 /* Frameworks */,
				FC284AB31EA80D1700555568 /* Resources */,
			);
			buildRules = (
			);
			dependencies = (
			);
			name = DataTransference;
			productName = DataTransference;
			productReference = FC284AB51EA80D1700555568 /* DataTransference.app */;
			productType = "com.apple.product-type.application";
		};
/* End PBXNativeTarget section */

/* Begin PBXProject section */
		FC284AAD1EA80D1700555568 /* Project object */ = {
			isa = PBXProject;
			attributes = {
				LastSwiftUpdateCheck = 0830;
				LastUpgradeCheck = 0830;
				ORGANIZATIONNAME = "Ryan Bryle";
				TargetAttributes = {
					FC284AB41EA80D1700555568 = {
						CreatedOnToolsVersion = 8.3.1;
						DevelopmentTeam = NFCY2EWN3M;
						ProvisioningStyle = Automatic;
					};
				};
			};
			buildConfigurationList = FC284AB01EA80D1700555568 /* Build configuration list for PBXProject "DataTransference" */;
			compatibilityVersion = "Xcode 3.2";
			developmentRegion = English;
			hasScannedForEncodings = 0;
			knownRegions = (
				en,
				Base,
			);
			mainGroup = FC284AAC1EA80D1700555568;
			productRefGroup = FC284AB61EA80D1700555568 /* Products */;
			projectDirPath = "";
			projectRoot = "";
			targets = (
				FC284AB41EA80D1700555568 /* DataTransference */,
			);
		};
/* End PBXProject section */

/* Begin PBXResourcesBuildPhase section */
		FC284AB31EA80D1700555568 /* Resources */ = {
			isa = PBXResourcesBuildPhase;
			buildActionMask = 2147483647;
			files = (
				FC284ACB1EA80D6D00555568 /* amiga4ever pro.ttf in Resources */,
				FC284AC01EA80D1700555568 /* Assets.xcassets in Resources */,
				FC284ABE1EA80D1700555568 /* Main.storyboard in Resources */,
				FC3BAE6D1EA83B9400421474 /* screenshot.png in Resources */,
			);
			runOnlyForDeploymentPostprocessing = 0;
		};
/* End PBXResourcesBuildPhase section */

/* Begin PBXSourcesBuildPhase section */
		FC284AB11EA80D1700555568 /* Sources */ = {
			isa = PBXSourcesBuildPhase;
			buildActionMask = 2147483647;
			files = (
				FC284ACF1EA8151900555568 /* DataHub.swift in Sources */,
				FC284ABB1EA80D1700555568 /* ViewController.swift in Sources */,
				FC284AB91EA80D1700555568 /* AppDelegate.swift in Sources */,
			);
			runOnlyForDeploymentPostprocessing = 0;
		};
/* End PBXSourcesBuildPhase section */

/* Begin PBXVariantGroup section */
		FC284ABC1EA80D1700555568 /* Main.storyboard */ = {
			isa = PBXVariantGroup;
			children = (
				FC284ABD1EA80D1700555568 /* Base */,
			);
			name = Main.storyboard;
			sourceTree = "<group>";
		};
/* End PBXVariantGroup section */

/* Begin XCBuildConfiguration section */
		FC284AC51EA80D1700555568 /* Debug */ = {
			isa = XCBuildConfiguration;
			buildSettings = {
				ALWAYS_SEARCH_USER_PATHS = NO;
				CLANG_ANALYZER_NONNULL = YES;
				CLANG_ANALYZER_NUMBER_OBJECT_CONVERSION = YES_AGGRESSIVE;
				CLANG_CXX_LANGUAGE_STANDARD = "gnu++0x";
				CLANG_CXX_LIBRARY = "libc++";
				CLANG_ENABLE_MODULES = YES;
				CLANG_ENABLE_OBJC_ARC = YES;
				CLANG_WARN_BOOL_CONVERSION = YES;
				CLANG_WARN_CONSTANT_CONVERSION = YES;
				CLANG_WARN_DIRECT_OBJC_ISA_USAGE = YES_ERROR;
				CLANG_WARN_DOCUMENTATION_COMMENTS = YES;
				CLANG_WARN_EMPTY_BODY = YES;
				CLANG_WARN_ENUM_CONVERSION = YES;
				CLANG_WARN_INFINITE_RECURSION = YES;
				CLANG_WARN_INT_CONVERSION = YES;
				CLANG_WARN_OBJC_ROOT_CLASS = YES_ERROR;
				CLANG_WARN_SUSPICIOUS_MOVE = YES;
				CLANG_WARN_UNREACHABLE_CODE = YES;
				CLANG_WARN__DUPLICATE_METHOD_MATCH = YES;
				"CODE_SIGN_IDENTITY[sdk=iphoneos*]" = "iPhone Developer";
				COPY_PHASE_STRIP = NO;
				DEBUG_INFORMATION_FORMAT = dwarf;
				ENABLE_STRICT_OBJC_MSGSEND = YES;
				ENABLE_TESTABILITY = YES;
				GCC_C_LANGUAGE_STANDARD = gnu99;
				GCC_DYNAMIC_NO_PIC = NO;
				GCC_NO_COMMON_BLOCKS = YES;
				GCC_OPTIMIZATION_LEVEL = 0;
				GCC_PREPROCESSOR_DEFINITIONS = (
					"DEBUG=1",
					"$(inherited)",
				);
				GCC_WARN_64_TO_32_BIT_CONVERSION = YES;
				GCC_WARN_ABOUT_RETURN_TYPE = YES_ERROR;
				GCC_WARN_UNDECLARED_SELECTOR = YES;
				GCC_WARN_UNINITIALIZED_AUTOS = YES_AGGRESSIVE;
				GCC_WARN_UNUSED_FUNCTION = YES;
				GCC_WARN_UNUSED_VARIABLE = YES;
				IPHONEOS_DEPLOYMENT_TARGET = 10.3;
				MTL_ENABLE_DEBUG_INFO = YES;
				ONLY_ACTIVE_ARCH = YES;
				SDKROOT = iphoneos;
				SWIFT_ACTIVE_COMPILATION_CONDITIONS = DEBUG;
				SWIFT_OPTIMIZATION_LEVEL = "-Onone";
			};
			name = Debug;
		};
		FC284AC61EA80D1700555568 /* Release */ = {
			isa = XCBuildConfiguration;
			buildSettings = {
				ALWAYS_SEARCH_USER_PATHS = NO;
				CLANG_ANALYZER_NONNULL = YES;
				CLANG_ANALYZER_NUMBER_OBJECT_CONVERSION = YES_AGGRESSIVE;
				CLANG_CXX_LANGUAGE_STANDARD = "gnu++0x";
				CLANG_CXX_LIBRARY = "libc++";
				CLANG_ENABLE_MODULES = YES;
				CLANG_ENABLE_OBJC_ARC = YES;
				CLANG_WARN_BOOL_CONVERSION = YES;
				CLANG_WARN_CONSTANT_CONVERSION = YES;
				CLANG_WARN_DIRECT_OBJC_ISA_USAGE = YES_ERROR;
				CLANG_WARN_DOCUMENTATION_COMMENTS = YES;
				CLANG_WARN_EMPTY_BODY = YES;
				CLANG_WARN_ENUM_CONVERSION = YES;
				CLANG_WARN_INFINITE_RECURSION = YES;
				CLANG_WARN_INT_CONVERSION = YES;
				CLANG_WARN_OBJC_ROOT_CLASS = YES_ERROR;
				CLANG_WARN_SUSPICIOUS_MOVE = YES;
				CLANG_WARN_UNREACHABLE_CODE = YES;
				CLANG_WARN__DUPLICATE_METHOD_MATCH = YES;
				"CODE_SIGN_IDENTITY[sdk=iphoneos*]" = "iPhone Developer";
				COPY_PHASE_STRIP = NO;
				DEBUG_INFORMATION_FORMAT = "dwarf-with-dsym";
				ENABLE_NS_ASSERTIONS = NO;
				ENABLE_STRICT_OBJC_MSGSEND = YES;
				GCC_C_LANGUAGE_STANDARD = gnu99;
				GCC_NO_COMMON_BLOCKS = YES;
				GCC_WARN_64_TO_32_BIT_CONVERSION = YES;
				GCC_WARN_ABOUT_RETURN_TYPE = YES_ERROR;
				GCC_WARN_UNDECLARED_SELECTOR = YES;
				GCC_WARN_UNINITIALIZED_AUTOS = YES_AGGRESSIVE;
				GCC_WARN_UNUSED_FUNCTION = YES;
				GCC_WARN_UNUSED_VARIABLE = YES;
				IPHONEOS_DEPLOYMENT_TARGET = 10.3;
				MTL_ENABLE_DEBUG_INFO = NO;
				SDKROOT = iphoneos;
				SWIFT_OPTIMIZATION_LEVEL = "-Owholemodule";
				VALIDATE_PRODUCT = YES;
			};
			name = Release;
		};
		FC284AC81EA80D1700555568 /* Debug */ = {
			isa = XCBuildConfiguration;
			buildSettings = {
				ASSETCATALOG_COMPILER_APPICON_NAME = AppIcon;
				DEVELOPMENT_TEAM = NFCY2EWN3M;
				INFOPLIST_FILE = DataTransference/Info.plist;
				LD_RUNPATH_SEARCH_PATHS = "$(inherited) @executable_path/Frameworks";
				PRODUCT_BUNDLE_IDENTIFIER = "Ryan-Bryle.DataTransference";
				PRODUCT_NAME = "$(TARGET_NAME)";
				SWIFT_VERSION = 3.0;
			};
			name = Debug;
		};
		FC284AC91EA80D1700555568 /* Release */ = {
			isa = XCBuildConfiguration;
			buildSettings = {
				ASSETCATALOG_COMPILER_APPICON_NAME = AppIcon;
				DEVELOPMENT_TEAM = NFCY2EWN3M;
				INFOPLIST_FILE = DataTransference/Info.plist;
				LD_RUNPATH_SEARCH_PATHS = "$(inherited) @executable_path/Frameworks";
				PRODUCT_BUNDLE_IDENTIFIER = "Ryan-Bryle.DataTransference";
				PRODUCT_NAME = "$(TARGET_NAME)";
				SWIFT_VERSION = 3.0;
			};
			name = Release;
		};
/* End XCBuildConfiguration section */

/* Begin XCConfigurationList section */
		FC284AB01EA80D1700555568 /* Build configuration list for PBXProject "DataTransference" */ = {
			isa = XCConfigurationList;
			buildConfigurations = (
				FC284AC51EA80D1700555568 /* Debug */,
				FC284AC61EA80D1700555568 /* Release */,
			);
			defaultConfigurationIsVisible = 0;
			defaultConfigurationName = Release;
		};
		FC284AC71EA80D1700555568 /* Build configuration list for PBXNativeTarget "DataTransference" */ = {
			isa = XCConfigurationList;
			buildConfigurations = (
				FC284AC81EA80D1700555568 /* Debug */,
				FC284AC91EA80D1700555568 /* Release */,
			);
			defaultConfigurationIsVisible = 0;
			defaultConfigurationName = Release;
		};
/* End XCConfigurationList section */
	};
	rootObject = FC284AAD1EA80D1700555568 /* Project object */;
}
